
Microsoft Visual Studio Solution File, Format Version 12.00
# Visual Studio 14
VisualStudioVersion = 14.0.24720.0
MinimumVisualStudioVersion = 10.0.40219.1
Project("{FAE04EC0-301F-11D3-BF4B-00C04F79EFBC}") = "WEBAPI", "WEBAPI\WEBAPI.csproj", "{FDF6C80D-6E76-4ABB-97C4-0DBD8C2B596D}"
EndProject
Project("{FAE04EC0-301F-11D3-BF4B-00C04F79EFBC}") = "GetAll", "GetAll\GetAll.csproj", "{DA35BABD-EC74-4C36-B369-A027C158D013}"
EndProject
Project("{FAE04EC0-301F-11D3-BF4B-00C04F79EFBC}") = "DbContext", "DbContext\DbContext.csproj", "{5D0F04B2-2252-4906-BDFE-B607BE8F7699}"
EndProject
Project("{FAE04EC0-301F-11D3-BF4B-00C04F79EFBC}") = "WebApplication1", "WebApplication1\WebApplication1.csproj", "{F03F38C5-44B2-46D3-90FC-5EC656B4865F}"
EndProject
Global
	GlobalSection(SolutionConfigurationPlatforms) = preSolution
		Debug|Any CPU = Debug|Any CPU
		Release|Any CPU = Release|Any CPU
	EndGlobalSection
	GlobalSection(ProjectConfigurationPlatforms) = postSolution
		{FDF6C80D-6E76-4ABB-97C4-0DBD8C2B596D}.Debug|Any CPU.ActiveCfg = Debug|Any CPU
		{FDF6C80D-6E76-4ABB-97C4-0DBD8C2B596D}.Debug|Any CPU.Build.0 = Debug|Any CPU
		{FDF6C80D-6E76-4ABB-97C4-0DBD8C2B596D}.Release|Any CPU.ActiveCfg = Release|Any CPU
		{FDF6C80D-6E76-4ABB-97C4-0DBD8C2B596D}.Release|Any CPU.Build.0 = Release|Any CPU
		{DA35BABD-EC74-4C36-B369-A027C158D013}.Debug|Any CPU.ActiveCfg = Debug|Any CPU
		{DA35BABD-EC74-4C36-B369-A027C158D013}.Debug|Any CPU.Build.0 = Debug|Any CPU
		{DA35BABD-EC74-4C36-B369-A027C158D013}.Release|Any CPU.ActiveCfg = Release|Any CPU
		{DA35BABD-EC74-4C36-B369-A027C158D013}.Release|Any CPU.Build.0 = Release|Any CPU
		{5D0F04B2-2252-4906-BDFE-B607BE8F7699}.Debug|Any CPU.ActiveCfg = Debug|Any CPU
		{5D0F04B2-2252-4906-BDFE-B607BE8F7699}.Debug|Any CPU.Build.0 = Debug|Any CPU
		{5D0F04B2-2252-4906-BDFE-B607BE8F7699}.Release|Any CPU.ActiveCfg = Release|Any CPU
		{5D0F04B2-2252-4906-BDFE-B607BE8F7699}.Release|Any CPU.Build.0 = Release|Any CPU
		{F03F38C5-44B2-46D3-90FC-5EC656B4865F}.Debug|Any CPU.ActiveCfg = Debug|Any CPU
		{F03F38C5-44B2-46D3-90FC-5EC656B4865F}.Debug|Any CPU.Build.0 = Debug|Any CPU
		{F03F38C5-44B2-46D3-90FC-5EC656B4865F}.Release|Any CPU.ActiveCfg = Release|Any CPU
		{F03F38C5-44B2-46D3-90FC-5EC656B4865F}.Release|Any CPU.Build.0 = Release|Any CPU
	EndGlobalSection
	GlobalSection(SolutionProperties) = preSolution
		HideSolutionNode = FALSE
	EndGlobalSection
EndGlobal
